
Microsoft Visual Studio Solution File, Format Version 12.00
# Visual Studio Version 17
VisualStudioVersion = 17.9.34902.65
MinimumVisualStudioVersion = 10.0.40219.1
Project("{FAE04EC0-301F-11D3-BF4B-00C04F79EFBC}") = "GameStore", "GameStore\GameStore.csproj", "{63CF3A97-E911-48CF-AC5E-58F32AF8F89B}"
EndProject
Global
	GlobalSection(SolutionConfigurationPlatforms) = preSolution
		Debug|Any CPU = Debug|Any CPU
		Release|Any CPU = Release|Any CPU
	EndGlobalSection
	GlobalSection(ProjectConfigurationPlatforms) = postSolution
		{63CF3A97-E911-48CF-AC5E-58F32AF8F89B}.Debug|Any CPU.ActiveCfg = Debug|Any CPU
		{63CF3A97-E911-48CF-AC5E-58F32AF8F89B}.Debug|Any CPU.Build.0 = Debug|Any CPU
		{63CF3A97-E911-48CF-AC5E-58F32AF8F89B}.Release|Any CPU.ActiveCfg = Release|Any CPU
		{63CF3A97-E911-48CF-AC5E-58F32AF8F89B}.Release|Any CPU.Build.0 = Release|Any CPU
	EndGlobalSection
	GlobalSection(SolutionProperties) = preSolution
		HideSolutionNode = FALSE
	EndGlobalSection
	GlobalSection(ExtensibilityGlobals) = postSolution
		SolutionGuid = {A0953DA8-8B69-4147-9A14-28B3B30CC51F}
	EndGlobalSection
EndGlobal
